// !$*UTF8*$!
{
	archiveVersion = 1;
	classes = {
	};
	objectVersion = 50;
	objects = {

/* Begin PBXBuildFile section */
		452FFB072692F71D005B6A94 /* AppDelegate.m in Sources */ = {isa = PBXBuildFile; fileRef = 452FFB062692F71D005B6A94 /* AppDelegate.m */; };
		452FFB0A2692F71D005B6A94 /* SceneDelegate.m in Sources */ = {isa = PBXBuildFile; fileRef = 452FFB092692F71D005B6A94 /* SceneDelegate.m */; };
		452FFB0D2692F71D005B6A94 /* ViewController.m in Sources */ = {isa = PBXBuildFile; fileRef = 452FFB0C2692F71D005B6A94 /* ViewController.m */; };
		452FFB122692F71E005B6A94 /* Assets.xcassets in Resources */ = {isa = PBXBuildFile; fileRef = 452FFB112692F71E005B6A94 /* Assets.xcassets */; };
		452FFB152692F71E005B6A94 /* LaunchScreen.storyboard in Resources */ = {isa = PBXBuildFile; fileRef = 452FFB132692F71E005B6A94 /* LaunchScreen.storyboard */; };
		452FFB182692F71E005B6A94 /* main.m in Sources */ = {isa = PBXBuildFile; fileRef = 452FFB172692F71E005B6A94 /* main.m */; };
		452FFB212692FD15005B6A94 /* RSViewController.m in Sources */ = {isa = PBXBuildFile; fileRef = 452FFB1F2692FD15005B6A94 /* RSViewController.m */; };
		452FFB222692FD15005B6A94 /* RSViewController.xib in Resources */ = {isa = PBXBuildFile; fileRef = 452FFB202692FD15005B6A94 /* RSViewController.xib */; };
/* End PBXBuildFile section */

/* Begin PBXFileReference section */
		452FFB022692F71D005B6A94 /* task7.app */ = {isa = PBXFileReference; explicitFileType = wrapper.application; includeInIndex = 0; path = task7.app; sourceTree = BUILT_PRODUCTS_DIR; };
		452FFB052692F71D005B6A94 /* AppDelegate.h */ = {isa = PBXFileReference; lastKnownFileType = sourcecode.c.h; path = AppDelegate.h; sourceTree = "<group>"; };
		452FFB062692F71D005B6A94 /* AppDelegate.m */ = {isa = PBXFileReference; lastKnownFileType = sourcecode.c.objc; path = AppDelegate.m; sourceTree = "<group>"; };
		452FFB082692F71D005B6A94 /* SceneDelegate.h */ = {isa = PBXFileReference; lastKnownFileType = sourcecode.c.h; path = SceneDelegate.h; sourceTree = "<group>"; };
		452FFB092692F71D005B6A94 /* SceneDelegate.m */ = {isa = PBXFileReference; lastKnownFileType = sourcecode.c.objc; path = SceneDelegate.m; sourceTree = "<group>"; };
		452FFB0B2692F71D005B6A94 /* ViewController.h */ = {isa = PBXFileReference; lastKnownFileType = sourcecode.c.h; path = ViewController.h; sourceTree = "<group>"; };
		452FFB0C2692F71D005B6A94 /* ViewController.m */ = {isa = PBXFileReference; lastKnownFileType = sourcecode.c.objc; path = ViewController.m; sourceTree = "<group>"; };
		452FFB112692F71E005B6A94 /* Assets.xcassets */ = {isa = PBXFileReference; lastKnownFileType = folder.assetcatalog; path = Assets.xcassets; sourceTree = "<group>"; };
		452FFB142692F71E005B6A94 /* Base */ = {isa = PBXFileReference; lastKnownFileType = file.storyboard; name = Base; path = Base.lproj/LaunchScreen.storyboard; sourceTree = "<group>"; };
		452FFB162692F71E005B6A94 /* Info.plist */ = {isa = PBXFileReference; lastKnownFileType = text.plist.xml; path = Info.plist; sourceTree = "<group>"; };
		452FFB172692F71E005B6A94 /* main.m */ = {isa = PBXFileReference; lastKnownFileType = sourcecode.c.objc; path = main.m; sourceTree = "<group>"; };
		452FFB1E2692FD15005B6A94 /* RSViewController.h */ = {isa = PBXFileReference; lastKnownFileType = sourcecode.c.h; path = RSViewController.h; sourceTree = "<group>"; };
		452FFB1F2692FD15005B6A94 /* RSViewController.m */ = {isa = PBXFileReference; lastKnownFileType = sourcecode.c.objc; path = RSViewController.m; sourceTree = "<group>"; };
		452FFB202692FD15005B6A94 /* RSViewController.xib */ = {isa = PBXFileReference; lastKnownFileType = file.xib; path = RSViewController.xib; sourceTree = "<group>"; };
/* End PBXFileReference section */

/* Begin PBXFrameworksBuildPhase section */
		452FFAFF2692F71D005B6A94 /* Frameworks */ = {
			isa = PBXFrameworksBuildPhase;
			buildActionMask = 2147483647;
			files = (
			);
			runOnlyForDeploymentPostprocessing = 0;
		};
/* End PBXFrameworksBuildPhase section */

/* Begin PBXGroup section */
		452FFAF92692F71D005B6A94 = {
			isa = PBXGroup;
			children = (
				452FFB042692F71D005B6A94 /* task7 */,
				452FFB032692F71D005B6A94 /* Products */,
			);
			sourceTree = "<group>";
		};
		452FFB032692F71D005B6A94 /* Products */ = {
			isa = PBXGroup;
			children = (
				452FFB022692F71D005B6A94 /* task7.app */,
			);
			name = Products;
			sourceTree = "<group>";
		};
		452FFB042692F71D005B6A94 /* task7 */ = {
			isa = PBXGroup;
			children = (
				452FFB052692F71D005B6A94 /* AppDelegate.h */,
				452FFB062692F71D005B6A94 /* AppDelegate.m */,
				452FFB082692F71D005B6A94 /* SceneDelegate.h */,
				452FFB092692F71D005B6A94 /* SceneDelegate.m */,
				452FFB0B2692F71D005B6A94 /* ViewController.h */,
				452FFB0C2692F71D005B6A94 /* ViewController.m */,
				452FFB112692F71E005B6A94 /* Assets.xcassets */,
				452FFB132692F71E005B6A94 /* LaunchScreen.storyboard */,
				452FFB162692F71E005B6A94 /* Info.plist */,
				452FFB172692F71E005B6A94 /* main.m */,
				452FFB1E2692FD15005B6A94 /* RSViewController.h */,
				452FFB1F2692FD15005B6A94 /* RSViewController.m */,
				452FFB202692FD15005B6A94 /* RSViewController.xib */,
			);
			path = task7;
			sourceTree = "<group>";
		};
/* End PBXGroup section */

/* Begin PBXNativeTarget section */
		452FFB012692F71D005B6A94 /* task7 */ = {
			isa = PBXNativeTarget;
			buildConfigurationList = 452FFB1B2692F71E005B6A94 /* Build configuration list for PBXNativeTarget "task7" */;
			buildPhases = (
				452FFAFE2692F71D005B6A94 /* Sources */,
				452FFAFF2692F71D005B6A94 /* Frameworks */,
				452FFB002692F71D005B6A94 /* Resources */,
			);
			buildRules = (
			);
			dependencies = (
			);
			name = task7;
			productName = task7;
			productReference = 452FFB022692F71D005B6A94 /* task7.app */;
			productType = "com.apple.product-type.application";
		};
/* End PBXNativeTarget section */

/* Begin PBXProject section */
		452FFAFA2692F71D005B6A94 /* Project object */ = {
			isa = PBXProject;
			attributes = {
				LastUpgradeCheck = 1250;
				TargetAttributes = {
					452FFB012692F71D005B6A94 = {
						CreatedOnToolsVersion = 12.5.1;
					};
				};
			};
			buildConfigurationList = 452FFAFD2692F71D005B6A94 /* Build configuration list for PBXProject "task7" */;
			compatibilityVersion = "Xcode 9.3";
			developmentRegion = en;
			hasScannedForEncodings = 0;
			knownRegions = (
				en,
				Base,
			);
			mainGroup = 452FFAF92692F71D005B6A94;
			productRefGroup = 452FFB032692F71D005B6A94 /* Products */;
			projectDirPath = "";
			projectRoot = "";
			targets = (
				452FFB012692F71D005B6A94 /* task7 */,
			);
		};
/* End PBXProject section */

/* Begin PBXResourcesBuildPhase section */
		452FFB002692F71D005B6A94 /* Resources */ = {
			isa = PBXResourcesBuildPhase;
			buildActionMask = 2147483647;
			files = (
				452FFB152692F71E005B6A94 /* LaunchScreen.storyboard in Resources */,
				452FFB222692FD15005B6A94 /* RSViewController.xib in Resources */,
				452FFB122692F71E005B6A94 /* Assets.xcassets in Resources */,
			);
			runOnlyForDeploymentPostprocessing = 0;
		};
/* End PBXResourcesBuildPhase section */

/* Begin PBXSourcesBuildPhase section */
		452FFAFE2692F71D005B6A94 /* Sources */ = {
			isa = PBXSourcesBuildPhase;
			buildActionMask = 2147483647;
			files = (
				452FFB212692FD15005B6A94 /* RSViewController.m in Sources */,
				452FFB0D2692F71D005B6A94 /* ViewController.m in Sources */,
				452FFB072692F71D005B6A94 /* AppDelegate.m in Sources */,
				452FFB182692F71E005B6A94 /* main.m in Sources */,
				452FFB0A2692F71D005B6A94 /* SceneDelegate.m in Sources */,
			);
			runOnlyForDeploymentPostprocessing = 0;
		};
/* End PBXSourcesBuildPhase section */

/* Begin PBXVariantGroup section */
		452FFB132692F71E005B6A94 /* LaunchScreen.storyboard */ = {
			isa = PBXVariantGroup;
			children = (
				452FFB142692F71E005B6A94 /* Base */,
			);
			name = LaunchScreen.storyboard;
			sourceTree = "<group>";
		};
/* End PBXVariantGroup section */

/* Begin XCBuildConfiguration section */
		452FFB192692F71E005B6A94 /* Debug */ = {
			isa = XCBuildConfiguration;
			buildSettings = {
				ALWAYS_SEARCH_USER_PATHS = NO;
				CLANG_ANALYZER_NONNULL = YES;
				CLANG_ANALYZER_NUMBER_OBJECT_CONVERSION = YES_AGGRESSIVE;
				CLANG_CXX_LANGUAGE_STANDARD = "gnu++14";
				CLANG_CXX_LIBRARY = "libc++";
				CLANG_ENABLE_MODULES = YES;
				CLANG_ENABLE_OBJC_ARC = YES;
				CLANG_ENABLE_OBJC_WEAK = YES;
				CLANG_WARN_BLOCK_CAPTURE_AUTORELEASING = YES;
				CLANG_WARN_BOOL_CONVERSION = YES;
				CLANG_WARN_COMMA = YES;
				CLANG_WARN_CONSTANT_CONVERSION = YES;
				CLANG_WARN_DEPRECATED_OBJC_IMPLEMENTATIONS = YES;
				CLANG_WARN_DIRECT_OBJC_ISA_USAGE = YES_ERROR;
				CLANG_WARN_DOCUMENTATION_COMMENTS = YES;
				CLANG_WARN_EMPTY_BODY = YES;
				CLANG_WARN_ENUM_CONVERSION = YES;
				CLANG_WARN_INFINITE_RECURSION = YES;
				CLANG_WARN_INT_CONVERSION = YES;
				CLANG_WARN_NON_LITERAL_NULL_CONVERSION = YES;
				CLANG_WARN_OBJC_IMPLICIT_RETAIN_SELF = YES;
				CLANG_WARN_OBJC_LITERAL_CONVERSION = YES;
				CLANG_WARN_OBJC_ROOT_CLASS = YES_ERROR;
				CLANG_WARN_QUOTED_INCLUDE_IN_FRAMEWORK_HEADER = YES;
				CLANG_WARN_RANGE_LOOP_ANALYSIS = YES;
				CLANG_WARN_STRICT_PROTOTYPES = YES;
				CLANG_WARN_SUSPICIOUS_MOVE = YES;
				CLANG_WARN_UNGUARDED_AVAILABILITY = YES_AGGRESSIVE;
				CLANG_WARN_UNREACHABLE_CODE = YES;
				CLANG_WARN__DUPLICATE_METHOD_MATCH = YES;
				COPY_PHASE_STRIP = NO;
				DEBUG_INFORMATION_FORMAT = dwarf;
				ENABLE_STRICT_OBJC_MSGSEND = YES;
				ENABLE_TESTABILITY = YES;
				GCC_C_LANGUAGE_STANDARD = gnu11;
				GCC_DYNAMIC_NO_PIC = NO;
				GCC_NO_COMMON_BLOCKS = YES;
				GCC_OPTIMIZATION_LEVEL = 0;
				GCC_PREPROCESSOR_DEFINITIONS = (
					"DEBUG=1",
					"$(inherited)",
				);
				GCC_WARN_64_TO_32_BIT_CONVERSION = YES;
				GCC_WARN_ABOUT_RETURN_TYPE = YES_ERROR;
				GCC_WARN_UNDECLARED_SELECTOR = YES;
				GCC_WARN_UNINITIALIZED_AUTOS = YES_AGGRESSIVE;
				GCC_WARN_UNUSED_FUNCTION = YES;
				GCC_WARN_UNUSED_VARIABLE = YES;
				IPHONEOS_DEPLOYMENT_TARGET = 12.1;
				MTL_ENABLE_DEBUG_INFO = INCLUDE_SOURCE;
				MTL_FAST_MATH = YES;
				ONLY_ACTIVE_ARCH = YES;
				SDKROOT = iphoneos;
			};
			name = Debug;
		};
		452FFB1A2692F71E005B6A94 /* Release */ = {
			isa = XCBuildConfiguration;
			buildSettings = {
				ALWAYS_SEARCH_USER_PATHS = NO;
				CLANG_ANALYZER_NONNULL = YES;
				CLANG_ANALYZER_NUMBER_OBJECT_CONVERSION = YES_AGGRESSIVE;
				CLANG_CXX_LANGUAGE_STANDARD = "gnu++14";
				CLANG_CXX_LIBRARY = "libc++";
				CLANG_ENABLE_MODULES = YES;
				CLANG_ENABLE_OBJC_ARC = YES;
				CLANG_ENABLE_OBJC_WEAK = YES;
				CLANG_WARN_BLOCK_CAPTURE_AUTORELEASING = YES;
				CLANG_WARN_BOOL_CONVERSION = YES;
				CLANG_WARN_COMMA = YES;
				CLANG_WARN_CONSTANT_CONVERSION = YES;
				CLANG_WARN_DEPRECATED_OBJC_IMPLEMENTATIONS = YES;
				CLANG_WARN_DIRECT_OBJC_ISA_USAGE = YES_ERROR;
				CLANG_WARN_DOCUMENTATION_COMMENTS = YES;
				CLANG_WARN_EMPTY_BODY = YES;
				CLANG_WARN_ENUM_CONVERSION = YES;
				CLANG_WARN_INFINITE_RECURSION = YES;
				CLANG_WARN_INT_CONVERSION = YES;
				CLANG_WARN_NON_LITERAL_NULL_CONVERSION = YES;
				CLANG_WARN_OBJC_IMPLICIT_RETAIN_SELF = YES;
				CLANG_WARN_OBJC_LITERAL_CONVERSION = YES;
				CLANG_WARN_OBJC_ROOT_CLASS = YES_ERROR;
				CLANG_WARN_QUOTED_INCLUDE_IN_FRAMEWORK_HEADER = YES;
				CLANG_WARN_RANGE_LOOP_ANALYSIS = YES;
				CLANG_WARN_STRICT_PROTOTYPES = YES;
				CLANG_WARN_SUSPICIOUS_MOVE = YES;
				CLANG_WARN_UNGUARDED_AVAILABILITY = YES_AGGRESSIVE;
				CLANG_WARN_UNREACHABLE_CODE = YES;
				CLANG_WARN__DUPLICATE_METHOD_MATCH = YES;
				COPY_PHASE_STRIP = NO;
				DEBUG_INFORMATION_FORMAT = "dwarf-with-dsym";
				ENABLE_NS_ASSERTIONS = NO;
				ENABLE_STRICT_OBJC_MSGSEND = YES;
				GCC_C_LANGUAGE_STANDARD = gnu11;
				GCC_NO_COMMON_BLOCKS = YES;
				GCC_WARN_64_TO_32_BIT_CONVERSION = YES;
				GCC_WARN_ABOUT_RETURN_TYPE = YES_ERROR;
				GCC_WARN_UNDECLARED_SELECTOR = YES;
				GCC_WARN_UNINITIALIZED_AUTOS = YES_AGGRESSIVE;
				GCC_WARN_UNUSED_FUNCTION = YES;
				GCC_WARN_UNUSED_VARIABLE = YES;
				IPHONEOS_DEPLOYMENT_TARGET = 12.1;
				MTL_ENABLE_DEBUG_INFO = NO;
				MTL_FAST_MATH = YES;
				SDKROOT = iphoneos;
				VALIDATE_PRODUCT = YES;
			};
			name = Release;
		};
		452FFB1C2692F71E005B6A94 /* Debug */ = {
			isa = XCBuildConfiguration;
			buildSettings = {
				ASSETCATALOG_COMPILER_APPICON_NAME = AppIcon;
				ASSETCATALOG_COMPILER_GLOBAL_ACCENT_COLOR_NAME = AccentColor;
				CODE_SIGN_STYLE = Automatic;
				DEVELOPMENT_TEAM = JKPC7V57YU;
				INFOPLIST_FILE = task7/Info.plist;
				IPHONEOS_DEPLOYMENT_TARGET = 12.1;
				LD_RUNPATH_SEARCH_PATHS = (
					"$(inherited)",
					"@executable_path/Frameworks",
				);
				PRODUCT_BUNDLE_IDENTIFIER = rs.task7;
				PRODUCT_NAME = "$(TARGET_NAME)";
				TARGETED_DEVICE_FAMILY = "1,2";
			};
			name = Debug;
		};
		452FFB1D2692F71E005B6A94 /* Release */ = {
			isa = XCBuildConfiguration;
			buildSettings = {
				ASSETCATALOG_COMPILER_APPICON_NAME = AppIcon;
				ASSETCATALOG_COMPILER_GLOBAL_ACCENT_COLOR_NAME = AccentColor;
				CODE_SIGN_STYLE = Automatic;
				DEVELOPMENT_TEAM = JKPC7V57YU;
				INFOPLIST_FILE = task7/Info.plist;
				IPHONEOS_DEPLOYMENT_TARGET = 12.1;
				LD_RUNPATH_SEARCH_PATHS = (
					"$(inherited)",
					"@executable_path/Frameworks",
				);
				PRODUCT_BUNDLE_IDENTIFIER = rs.task7;
				PRODUCT_NAME = "$(TARGET_NAME)";
				TARGETED_DEVICE_FAMILY = "1,2";
			};
			name = Release;
		};
/* End XCBuildConfiguration section */

/* Begin XCConfigurationList section */
		452FFAFD2692F71D005B6A94 /* Build configuration list for PBXProject "task7" */ = {
			isa = XCConfigurationList;
			buildConfigurations = (
				452FFB192692F71E005B6A94 /* Debug */,
				452FFB1A2692F71E005B6A94 /* Release */,
			);
			defaultConfigurationIsVisible = 0;
			defaultConfigurationName = Release;
		};
		452FFB1B2692F71E005B6A94 /* Build configuration list for PBXNativeTarget "task7" */ = {
			isa = XCConfigurationList;
			buildConfigurations = (
				452FFB1C2692F71E005B6A94 /* Debug */,
				452FFB1D2692F71E005B6A94 /* Release */,
			);
			defaultConfigurationIsVisible = 0;
			defaultConfigurationName = Release;
		};
/* End XCConfigurationList section */
	};
	rootObject = 452FFAFA2692F71D005B6A94 /* Project object */;
}
